{
  "name": "vscode-strict-null-tools",
  "version": "1.0.0",
  "lockfileVersion": 1,
  "requires": true,
  "dependencies": {
    "@babel/parser": {
      "version": "7.1.2",
      "resolved": "https://registry.npmjs.org/@babel/parser/-/parser-7.1.2.tgz",
      "integrity": "sha512-x5HFsW+E/nQalGMw7hu+fvPqnBeBaIr0lWJ2SG0PPL2j+Pm9lYvCrsZJGIgauPIENx0v10INIyFjmSNUD/gSqQ=="
    },
    "ansi-styles": {
      "version": "3.2.1",
      "resolved": "https://registry.npmjs.org/ansi-styles/-/ansi-styles-3.2.1.tgz",
      "integrity": "sha512-VT0ZI6kZRdTh8YyJw3SMbYm/u+NqfsAxEpWO0Pf9sq8/e94WxxOpPKx9FR1FlyCtOVDNOQ+8ntlqFxiRc+r5qA==",
      "requires": {
        "color-convert": "^1.9.0"
      }
    },
    "app-module-path": {
      "version": "2.2.0",
      "resolved": "https://registry.npmjs.org/app-module-path/-/app-module-path-2.2.0.tgz",
      "integrity": "sha1-ZBqlXft9am8KgUHEucCqULbCTdU="
    },
    "ast-module-types": {
      "version": "2.4.0",
      "resolved": "https://registry.npmjs.org/ast-module-types/-/ast-module-types-2.4.0.tgz",
      "integrity": "sha512-fAa+ZUKT0q5GPnC/sa8+X3jYY1t3Rw3jT3CxEwBfrZLTzWUtXOWQK9EiSPycvHgUpI1ygSfJZWFki66UdbXL8Q=="
    },
    "balanced-match": {
      "version": "1.0.0",
      "resolved": "https://registry.npmjs.org/balanced-match/-/balanced-match-1.0.0.tgz",
      "integrity": "sha1-ibTRmasr7kneFk6gK4nORi1xt2c="
    },
    "brace-expansion": {
      "version": "1.1.11",
      "resolved": "https://registry.npmjs.org/brace-expansion/-/brace-expansion-1.1.11.tgz",
      "integrity": "sha512-iCuPHDFgrHX7H2vEI/5xpz07zSHB00TpugqhmYtVmMO6518mCuRMoOYFldEBl0g187ufozdaHgWKcYFb61qGiA==",
      "requires": {
        "balanced-match": "^1.0.0",
        "concat-map": "0.0.1"
      }
    },
    "chalk": {
      "version": "2.4.1",
      "resolved": "https://registry.npmjs.org/chalk/-/chalk-2.4.1.tgz",
      "integrity": "sha512-ObN6h1v2fTJSmUXoS3nMQ92LbDK9be4TV+6G+omQlGJFdcUX5heKi1LZ1YnRMIgwTLEj3E24bT6tYni50rlCfQ==",
      "requires": {
        "ansi-styles": "^3.2.1",
        "escape-string-regexp": "^1.0.5",
        "supports-color": "^5.3.0"
      }
    },
    "color-convert": {
      "version": "1.9.3",
      "resolved": "https://registry.npmjs.org/color-convert/-/color-convert-1.9.3.tgz",
      "integrity": "sha512-QfAUtd+vFdAtFQcC8CCyYt1fYWxSqAiK2cSD6zDB8N3cpsEBAvRxp9zOGg6G/SHHJYAT88/az/IuDGALsNVbGg==",
      "requires": {
        "color-name": "1.1.3"
      }
    },
    "color-name": {
      "version": "1.1.3",
      "resolved": "https://registry.npmjs.org/color-name/-/color-name-1.1.3.tgz",
      "integrity": "sha1-p9BVi9icQveV3UIyj3QIMcpTvCU="
    },
    "commander": {
      "version": "2.19.0",
      "resolved": "https://registry.npmjs.org/commander/-/commander-2.19.0.tgz",
      "integrity": "sha512-6tvAOO+D6OENvRAh524Dh9jcfKTYDQAqvqezbCW82xj5X0pSrcpxtvRKHLG0yBY6SD7PSDrJaj+0AiOcKVd1Xg=="
    },
    "concat-map": {
      "version": "0.0.1",
      "resolved": "https://registry.npmjs.org/concat-map/-/concat-map-0.0.1.tgz",
      "integrity": "sha1-2Klr13/Wjfd5OnMDajug1UBdR3s="
    },
    "core-util-is": {
      "version": "1.0.2",
      "resolved": "https://registry.npmjs.org/core-util-is/-/core-util-is-1.0.2.tgz",
      "integrity": "sha1-tf1UIgqivFq1eqtxQMlAdUUDwac="
    },
    "debug": {
      "version": "4.1.0",
      "resolved": "https://registry.npmjs.org/debug/-/debug-4.1.0.tgz",
      "integrity": "sha512-heNPJUJIqC+xB6ayLAMHaIrmN9HKa7aQO8MGqKpvCA+uJYVcvR6l5kgdrhRuwPFHU7P5/A1w0BjByPHwpfTDKg==",
      "requires": {
        "ms": "^2.1.1"
      }
    },
    "deep-is": {
      "version": "0.1.3",
      "resolved": "https://registry.npmjs.org/deep-is/-/deep-is-0.1.3.tgz",
      "integrity": "sha1-s2nW+128E+7PUk+RsHD+7cNXzzQ="
    },
    "dependency-tree": {
      "version": "6.2.1",
      "resolved": "https://registry.npmjs.org/dependency-tree/-/dependency-tree-6.2.1.tgz",
      "integrity": "sha512-XkQ6KFHiO+VTM71zLtZ1KuCL6BWMW7GXvFWTCWOPOMgccYp68CBpSSqKR8trw8HsniSAi7hBjPcBqNCYMVzUWQ==",
      "requires": {
        "commander": "^2.17.1",
        "debug": "^4.0.1",
        "filing-cabinet": "^2.0.1",
        "precinct": "^5.0.0"
      }
    },
    "detective-amd": {
      "version": "3.0.0",
      "resolved": "https://registry.npmjs.org/detective-amd/-/detective-amd-3.0.0.tgz",
      "integrity": "sha512-kOpKHyabdSKF9kj7PqYHLeHPw+TJT8q2u48tZYMkIcas28el1CYeLEJ42Nm+563/Fq060T5WknfwDhdX9+kkBQ==",
      "requires": {
        "ast-module-types": "^2.3.1",
        "escodegen": "^1.8.0",
        "get-amd-module-type": "^3.0.0",
        "node-source-walk": "^4.0.0"
      }
    },
    "detective-cjs": {
      "version": "3.1.1",
      "resolved": "https://registry.npmjs.org/detective-cjs/-/detective-cjs-3.1.1.tgz",
      "integrity": "sha512-JQtNTBgFY6h8uT6pgph5QpV3IyxDv+z3qPk/FZRDT9TlFfm5dnRtpH39WtQEr1khqsUxVqXzKjZHpdoQvQbllg==",
      "requires": {
        "ast-module-types": "^2.4.0",
        "node-source-walk": "^4.0.0"
      }
    },
    "detective-es6": {
      "version": "2.0.0",
      "resolved": "https://registry.npmjs.org/detective-es6/-/detective-es6-2.0.0.tgz",
      "integrity": "sha512-lo2kHVepcq3v39Q/t5uY6sy3cK1g29Kgi4Sj4KpR/15WGwecwma1yaEzZoofyJg/QyeOz36DZhouJ3eD46efCg==",
      "requires": {
        "node-source-walk": "^4.0.0"
      }
    },
    "detective-less": {
      "version": "1.0.2",
      "resolved": "https://registry.npmjs.org/detective-less/-/detective-less-1.0.2.tgz",
      "integrity": "sha512-Rps1xDkEEBSq3kLdsdnHZL1x2S4NGDcbrjmd4q+PykK5aJwDdP5MBgrJw1Xo+kyUHuv3JEzPqxr+Dj9ryeDRTA==",
      "requires": {
        "debug": "^4.0.0",
        "gonzales-pe": "^4.2.3",
        "node-source-walk": "^4.0.0"
      }
    },
    "detective-postcss": {
      "version": "3.0.0",
      "resolved": "https://registry.npmjs.org/detective-postcss/-/detective-postcss-3.0.0.tgz",
      "integrity": "sha512-Dq4pza3UAT5gXHmNjinxhTydKGd9m3Tr6d0epP9VBipQfQl/ipe3ml7ybxpHk4TRwT2RPXKRsnCHhXfEdpksAQ==",
      "requires": {
        "debug": "^3.1.0",
        "is-url": "^1.2.4",
        "postcss": "^7.0.2",
        "postcss-values-parser": "^1.5.0"
      },
      "dependencies": {
        "debug": {
          "version": "3.2.6",
          "resolved": "https://registry.npmjs.org/debug/-/debug-3.2.6.tgz",
          "integrity": "sha512-mel+jf7nrtEl5Pn1Qx46zARXKDpBbvzezse7p7LqINmdoIk8PYP5SySaxEmYv6TZ0JyEKA1hsCId6DIhgITtWQ==",
          "requires": {
            "ms": "^2.1.1"
          }
        }
      }
    },
    "detective-sass": {
      "version": "3.0.0",
      "resolved": "https://registry.npmjs.org/detective-sass/-/detective-sass-3.0.0.tgz",
      "integrity": "sha512-f03DULR4EipUpb1HCTHNGUWoRuLi9SDMgMdp+JiSVAWD5kwjI2NY1IOUiqmGbA3C/zQIWXBrC8+U2C3bMJqCFQ==",
      "requires": {
        "debug": "^3.1.0",
        "gonzales-pe": "^4.2.3",
        "node-source-walk": "^4.0.0"
      },
      "dependencies": {
        "debug": {
          "version": "3.2.6",
          "resolved": "https://registry.npmjs.org/debug/-/debug-3.2.6.tgz",
          "integrity": "sha512-mel+jf7nrtEl5Pn1Qx46zARXKDpBbvzezse7p7LqINmdoIk8PYP5SySaxEmYv6TZ0JyEKA1hsCId6DIhgITtWQ==",
          "requires": {
            "ms": "^2.1.1"
          }
        }
      }
    },
    "detective-scss": {
      "version": "2.0.0",
      "resolved": "https://registry.npmjs.org/detective-scss/-/detective-scss-2.0.0.tgz",
      "integrity": "sha512-44cNM76EcT3ImnuMJQHi6q2ldYl+obXHuU6OtpcPfqJg4aH4F4mjHcCyQfn0ohwqYE8FQY64jSThgZwfDjMkdQ==",
      "requires": {
        "debug": "^3.1.0",
        "gonzales-pe": "^4.2.3",
        "node-source-walk": "^4.0.0"
      },
      "dependencies": {
        "debug": {
          "version": "3.2.6",
          "resolved": "https://registry.npmjs.org/debug/-/debug-3.2.6.tgz",
          "integrity": "sha512-mel+jf7nrtEl5Pn1Qx46zARXKDpBbvzezse7p7LqINmdoIk8PYP5SySaxEmYv6TZ0JyEKA1hsCId6DIhgITtWQ==",
          "requires": {
            "ms": "^2.1.1"
          }
        }
      }
    },
    "detective-stylus": {
      "version": "1.0.0",
      "resolved": "https://registry.npmjs.org/detective-stylus/-/detective-stylus-1.0.0.tgz",
      "integrity": "sha1-UK7n24uruZA4HwEMY/q7pbWOVM0="
    },
    "detective-typescript": {
      "version": "4.1.1",
      "resolved": "https://registry.npmjs.org/detective-typescript/-/detective-typescript-4.1.1.tgz",
      "integrity": "sha512-iXvTH248pjxKsvSren1t2bHCGoSYgk8k9PeqPEuaz8AP11zoVMivE/lVpp8GpurOtIX9XGFCHloEsQ4RbWXd9Q==",
      "requires": {
        "node-source-walk": "^4.0.0",
        "typescript": "^3.0.3",
        "typescript-eslint-parser": "^18.0.0"
      }
    },
    "enhanced-resolve": {
      "version": "4.1.0",
      "resolved": "https://registry.npmjs.org/enhanced-resolve/-/enhanced-resolve-4.1.0.tgz",
      "integrity": "sha512-F/7vkyTtyc/llOIn8oWclcB25KdRaiPBpZYDgJHgh/UHtpgT2p2eldQgtQnLtUvfMKPKxbRaQM/hHkvLHt1Vng==",
      "requires": {
        "graceful-fs": "^4.1.2",
        "memory-fs": "^0.4.0",
        "tapable": "^1.0.0"
      }
    },
    "errno": {
      "version": "0.1.7",
      "resolved": "https://registry.npmjs.org/errno/-/errno-0.1.7.tgz",
      "integrity": "sha512-MfrRBDWzIWifgq6tJj60gkAwtLNb6sQPlcFrSOflcP1aFmmruKQ2wRnze/8V6kgyz7H3FF8Npzv78mZ7XLLflg==",
      "requires": {
        "prr": "~1.0.1"
      }
    },
    "escape-string-regexp": {
      "version": "1.0.5",
      "resolved": "https://registry.npmjs.org/escape-string-regexp/-/escape-string-regexp-1.0.5.tgz",
      "integrity": "sha1-G2HAViGQqN/2rjuyzwIAyhMLhtQ="
    },
    "escodegen": {
      "version": "1.11.0",
      "resolved": "https://registry.npmjs.org/escodegen/-/escodegen-1.11.0.tgz",
      "integrity": "sha512-IeMV45ReixHS53K/OmfKAIztN/igDHzTJUhZM3k1jMhIZWjk45SMwAtBsEXiJp3vSPmTcu6CXn7mDvFHRN66fw==",
      "requires": {
        "esprima": "^3.1.3",
        "estraverse": "^4.2.0",
        "esutils": "^2.0.2",
        "optionator": "^0.8.1",
        "source-map": "~0.6.1"
      },
      "dependencies": {
        "esprima": {
          "version": "3.1.3",
          "resolved": "https://registry.npmjs.org/esprima/-/esprima-3.1.3.tgz",
          "integrity": "sha1-/cpRzuYTOJXjyI1TXOSdv/YqRjM="
        }
      }
    },
    "esprima": {
      "version": "4.0.1",
      "resolved": "https://registry.npmjs.org/esprima/-/esprima-4.0.1.tgz",
      "integrity": "sha512-eGuFFw7Upda+g4p+QHvnW0RyTX/SVeJBDM/gCtMARO0cLuT2HcEKnTPvhjV6aGeqrCB/sbNop0Kszm0jsaWU4A=="
    },
    "estraverse": {
      "version": "4.2.0",
      "resolved": "https://registry.npmjs.org/estraverse/-/estraverse-4.2.0.tgz",
      "integrity": "sha1-De4/7TH81GlhjOc0IJn8GvoL2xM="
    },
    "esutils": {
      "version": "2.0.2",
      "resolved": "https://registry.npmjs.org/esutils/-/esutils-2.0.2.tgz",
      "integrity": "sha1-Cr9PHKpbyx96nYrMbepPqqBLrJs="
    },
    "fast-levenshtein": {
      "version": "2.0.6",
      "resolved": "https://registry.npmjs.org/fast-levenshtein/-/fast-levenshtein-2.0.6.tgz",
      "integrity": "sha1-PYpcZog6FqMMqGQ+hR8Zuqd5eRc="
    },
    "file-exists": {
      "version": "2.0.0",
      "resolved": "https://registry.npmjs.org/file-exists/-/file-exists-2.0.0.tgz",
      "integrity": "sha1-okFQZlFQ5i1VvFRJKB2I0rCBDco="
    },
    "filing-cabinet": {
      "version": "2.0.2",
      "resolved": "https://registry.npmjs.org/filing-cabinet/-/filing-cabinet-2.0.2.tgz",
      "integrity": "sha512-W7n/5ufqakk+w+hnZrah57bAxvruOgLnAHSboFdGzVOUrFaSyci4nMfGJmKBEE3STQKnG7t4DnwtVI34gsDDCg==",
      "requires": {
        "app-module-path": "^2.2.0",
        "commander": "^2.13.0",
        "debug": "^3.1.0",
        "enhanced-resolve": "^4.1.0",
        "is-relative-path": "^1.0.2",
        "module-definition": "^3.0.0",
        "module-lookup-amd": "^5.0.1",
        "resolve": "^1.5.0",
        "resolve-dependency-path": "^1.0.2",
        "sass-lookup": "^2.0.0",
        "stylus-lookup": "^2.0.0",
        "typescript": "^3.0.3"
      },
      "dependencies": {
        "debug": {
          "version": "3.2.6",
          "resolved": "https://registry.npmjs.org/debug/-/debug-3.2.6.tgz",
          "integrity": "sha512-mel+jf7nrtEl5Pn1Qx46zARXKDpBbvzezse7p7LqINmdoIk8PYP5SySaxEmYv6TZ0JyEKA1hsCId6DIhgITtWQ==",
          "requires": {
            "ms": "^2.1.1"
          }
        }
      }
    },
    "find": {
      "version": "0.2.9",
      "resolved": "https://registry.npmjs.org/find/-/find-0.2.9.tgz",
      "integrity": "sha1-S3Px/55WrZG3bnFkB/5f/mVUu4w=",
      "requires": {
        "traverse-chain": "~0.1.0"
      }
    },
    "flatten": {
      "version": "1.0.2",
      "resolved": "https://registry.npmjs.org/flatten/-/flatten-1.0.2.tgz",
      "integrity": "sha1-2uRqnXj74lKSJYzB54CkHZXAN4I="
    },
    "fs-extra": {
      "version": "5.0.0",
      "resolved": "https://registry.npmjs.org/fs-extra/-/fs-extra-5.0.0.tgz",
      "integrity": "sha512-66Pm4RYbjzdyeuqudYqhFiNBbCIuI9kgRqLPSHIlXHidW8NIQtVdkM1yeZ4lXwuhbTETv3EUGMNHAAw6hiundQ==",
      "requires": {
        "graceful-fs": "^4.1.2",
        "jsonfile": "^4.0.0",
        "universalify": "^0.1.0"
      }
    },
    "fs.realpath": {
      "version": "1.0.0",
      "resolved": "https://registry.npmjs.org/fs.realpath/-/fs.realpath-1.0.0.tgz",
      "integrity": "sha1-FQStJSMVjKpA20onh8sBQRmU6k8="
    },
    "get-amd-module-type": {
      "version": "3.0.0",
      "resolved": "https://registry.npmjs.org/get-amd-module-type/-/get-amd-module-type-3.0.0.tgz",
      "integrity": "sha512-99Q7COuACPfVt18zH9N4VAMyb81S6TUgJm2NgV6ERtkh9VIkAaByZkW530wl3lLN5KTtSrK9jVLxYsoP5hQKsw==",
      "requires": {
        "ast-module-types": "^2.3.2",
        "node-source-walk": "^4.0.0"
      }
    },
    "get-own-enumerable-property-symbols": {
      "version": "2.0.1",
      "resolved": "https://registry.npmjs.org/get-own-enumerable-property-symbols/-/get-own-enumerable-property-symbols-2.0.1.tgz",
      "integrity": "sha512-TtY/sbOemiMKPRUDDanGCSgBYe7Mf0vbRsWnBZ+9yghpZ1MvcpSpuZFjHdEeY/LZjZy0vdLjS77L6HosisFiug=="
    },
    "glob": {
      "version": "7.1.3",
      "resolved": "https://registry.npmjs.org/glob/-/glob-7.1.3.tgz",
      "integrity": "sha512-vcfuiIxogLV4DlGBHIUOwI0IbrJ8HWPc4MU7HzviGeNho/UJDfi6B5p3sHeWIQ0KGIU0Jpxi5ZHxemQfLkkAwQ==",
      "requires": {
        "fs.realpath": "^1.0.0",
        "inflight": "^1.0.4",
        "inherits": "2",
        "minimatch": "^3.0.4",
        "once": "^1.3.0",
        "path-is-absolute": "^1.0.0"
      }
    },
    "gonzales-pe": {
      "version": "4.2.3",
      "resolved": "https://registry.npmjs.org/gonzales-pe/-/gonzales-pe-4.2.3.tgz",
      "integrity": "sha512-Kjhohco0esHQnOiqqdJeNz/5fyPkOMD/d6XVjwTAoPGUFh0mCollPUTUTa2OZy4dYNAqlPIQdTiNzJTWdd9Htw==",
      "requires": {
        "minimist": "1.1.x"
      }
    },
    "graceful-fs": {
      "version": "4.1.11",
      "resolved": "https://registry.npmjs.org/graceful-fs/-/graceful-fs-4.1.11.tgz",
      "integrity": "sha1-Dovf5NHduIVNZOBOp8AOKgJuVlg="
    },
    "has-flag": {
      "version": "3.0.0",
      "resolved": "https://registry.npmjs.org/has-flag/-/has-flag-3.0.0.tgz",
      "integrity": "sha1-tdRU3CGZriJWmfNGfloH87lVuv0="
    },
    "indexes-of": {
      "version": "1.0.1",
      "resolved": "https://registry.npmjs.org/indexes-of/-/indexes-of-1.0.1.tgz",
      "integrity": "sha1-8w9xbI4r00bHtn0985FVZqfAVgc="
    },
    "inflight": {
      "version": "1.0.6",
      "resolved": "https://registry.npmjs.org/inflight/-/inflight-1.0.6.tgz",
      "integrity": "sha1-Sb1jMdfQLQwJvJEKEHW6gWW1bfk=",
      "requires": {
        "once": "^1.3.0",
        "wrappy": "1"
      }
    },
    "inherits": {
      "version": "2.0.3",
      "resolved": "https://registry.npmjs.org/inherits/-/inherits-2.0.3.tgz",
      "integrity": "sha1-Yzwsg+PaQqUC9SRmAiSA9CCCYd4="
    },
    "is-obj": {
      "version": "1.0.1",
      "resolved": "http://registry.npmjs.org/is-obj/-/is-obj-1.0.1.tgz",
      "integrity": "sha1-PkcprB9f3gJc19g6iW2rn09n2w8="
    },
    "is-regexp": {
      "version": "1.0.0",
      "resolved": "https://registry.npmjs.org/is-regexp/-/is-regexp-1.0.0.tgz",
      "integrity": "sha1-/S2INUXEa6xaYz57mgnof6LLUGk="
    },
    "is-relative-path": {
      "version": "1.0.2",
      "resolved": "https://registry.npmjs.org/is-relative-path/-/is-relative-path-1.0.2.tgz",
      "integrity": "sha1-CRtGoNZ8HtD+hfH4z93gBrslHUY="
    },
    "is-url": {
      "version": "1.2.4",
      "resolved": "https://registry.npmjs.org/is-url/-/is-url-1.2.4.tgz",
      "integrity": "sha512-ITvGim8FhRiYe4IQ5uHSkj7pVaPDrCTkNd3yq3cV7iZAcJdHTUMPMEHcqSOy9xZ9qFenQCvi+2wjH9a1nXqHww=="
    },
    "isarray": {
      "version": "1.0.0",
      "resolved": "https://registry.npmjs.org/isarray/-/isarray-1.0.0.tgz",
      "integrity": "sha1-u5NdSFgsuhaMBoNJV6VKPgcSTxE="
    },
    "jsonfile": {
      "version": "4.0.0",
      "resolved": "https://registry.npmjs.org/jsonfile/-/jsonfile-4.0.0.tgz",
      "integrity": "sha1-h3Gq4HmbZAdrdmQPygWPnBDjPss=",
      "requires": {
        "graceful-fs": "^4.1.6"
      }
    },
    "levn": {
      "version": "0.3.0",
      "resolved": "https://registry.npmjs.org/levn/-/levn-0.3.0.tgz",
      "integrity": "sha1-OwmSTt+fCDwEkP3UwLxEIeBHZO4=",
      "requires": {
        "prelude-ls": "~1.1.2",
        "type-check": "~0.3.2"
      }
    },
    "lodash.unescape": {
      "version": "4.0.1",
      "resolved": "https://registry.npmjs.org/lodash.unescape/-/lodash.unescape-4.0.1.tgz",
      "integrity": "sha1-vyJJiGzlFM2hEvrpIYzcBlIR/Jw="
    },
    "memory-fs": {
      "version": "0.4.1",
      "resolved": "https://registry.npmjs.org/memory-fs/-/memory-fs-0.4.1.tgz",
      "integrity": "sha1-OpoguEYlI+RHz7x+i7gO1me/xVI=",
      "requires": {
        "errno": "^0.1.3",
        "readable-stream": "^2.0.1"
      }
    },
    "minimatch": {
      "version": "3.0.4",
      "resolved": "https://registry.npmjs.org/minimatch/-/minimatch-3.0.4.tgz",
      "integrity": "sha512-yJHVQEhyqPLUTgt9B83PXu6W3rx4MvvHvSUvToogpwoGDOUQ+yDrR0HRot+yOCdCO7u4hX3pWft6kWBBcqh0UA==",
      "requires": {
        "brace-expansion": "^1.1.7"
      }
    },
    "minimist": {
      "version": "1.1.3",
      "resolved": "http://registry.npmjs.org/minimist/-/minimist-1.1.3.tgz",
      "integrity": "sha1-O+39kaktOQFvz6ocaB6Pqhoe/ag="
    },
    "module-definition": {
      "version": "3.1.0",
      "resolved": "https://registry.npmjs.org/module-definition/-/module-definition-3.1.0.tgz",
      "integrity": "sha512-XtgUeQUi/4UshwxWlCxCjt4SoJC+LJbjHvhGopOskzZOH3GSy2X6KC96APK3rgA9p9hekHcVP87qdwQpSvhNlQ==",
      "requires": {
        "ast-module-types": "^2.4.0",
        "node-source-walk": "^4.0.0"
      }
    },
    "module-lookup-amd": {
      "version": "5.0.1",
      "resolved": "https://registry.npmjs.org/module-lookup-amd/-/module-lookup-amd-5.0.1.tgz",
      "integrity": "sha512-rmljyiMrPqEfeOD1myMULVgnv1pRUqq1Dv/Xn0f9g36wCDWvqj07arG0fCEbKqU1sYFXptnaC1o+0oR7JpwOtg==",
      "requires": {
        "commander": "^2.8.1",
        "debug": "^3.1.0",
        "file-exists": "^2.0.0",
        "find": "^0.2.8",
        "requirejs": "^2.3.5",
        "requirejs-config-file": "^3.0.0"
      },
      "dependencies": {
        "debug": {
          "version": "3.2.6",
          "resolved": "https://registry.npmjs.org/debug/-/debug-3.2.6.tgz",
          "integrity": "sha512-mel+jf7nrtEl5Pn1Qx46zARXKDpBbvzezse7p7LqINmdoIk8PYP5SySaxEmYv6TZ0JyEKA1hsCId6DIhgITtWQ==",
          "requires": {
            "ms": "^2.1.1"
          }
        }
      }
    },
    "ms": {
      "version": "2.1.1",
      "resolved": "https://registry.npmjs.org/ms/-/ms-2.1.1.tgz",
      "integrity": "sha512-tgp+dl5cGk28utYktBsrFqA7HKgrhgPsg6Z/EfhWI4gl1Hwq8B/GmY/0oXZ6nF8hDVesS/FpnYaD/kOWhYQvyg=="
    },
    "node-source-walk": {
      "version": "4.0.0",
      "resolved": "https://registry.npmjs.org/node-source-walk/-/node-source-walk-4.0.0.tgz",
      "integrity": "sha512-uvuaGh3yVCNdkx/aiSJ3L5mnI8BNIFdJ89owJQEgLqC8cSw56NZZK4tHuDY13P3DeZr5DjmdRpTUlxr4dHbhAw==",
      "requires": {
        "@babel/parser": "^7.0.0"
      }
    },
    "once": {
      "version": "1.4.0",
      "resolved": "https://registry.npmjs.org/once/-/once-1.4.0.tgz",
      "integrity": "sha1-WDsap3WWHUsROsF9nFC6753Xa9E=",
      "requires": {
        "wrappy": "1"
      }
    },
    "optionator": {
      "version": "0.8.2",
      "resolved": "https://registry.npmjs.org/optionator/-/optionator-0.8.2.tgz",
      "integrity": "sha1-NkxeQJ0/TWMB1sC0wFu6UBgK62Q=",
      "requires": {
        "deep-is": "~0.1.3",
        "fast-levenshtein": "~2.0.4",
        "levn": "~0.3.0",
        "prelude-ls": "~1.1.2",
        "type-check": "~0.3.2",
        "wordwrap": "~1.0.0"
      }
    },
    "path-is-absolute": {
      "version": "1.0.1",
      "resolved": "https://registry.npmjs.org/path-is-absolute/-/path-is-absolute-1.0.1.tgz",
      "integrity": "sha1-F0uSaHNVNP+8es5r9TpanhtcX18="
    },
    "path-parse": {
      "version": "1.0.6",
      "resolved": "https://registry.npmjs.org/path-parse/-/path-parse-1.0.6.tgz",
      "integrity": "sha512-GSmOT2EbHrINBf9SR7CDELwlJ8AENk3Qn7OikK4nFYAu3Ote2+JYNVvkpAEQm3/TLNEJFD/xZJjzyxg3KBWOzw=="
    },
    "postcss": {
      "version": "7.0.5",
      "resolved": "https://registry.npmjs.org/postcss/-/postcss-7.0.5.tgz",
      "integrity": "sha512-HBNpviAUFCKvEh7NZhw1e8MBPivRszIiUnhrJ+sBFVSYSqubrzwX3KG51mYgcRHX8j/cAgZJedONZcm5jTBdgQ==",
      "requires": {
        "chalk": "^2.4.1",
        "source-map": "^0.6.1",
        "supports-color": "^5.5.0"
      }
    },
    "postcss-values-parser": {
      "version": "1.5.0",
      "resolved": "http://registry.npmjs.org/postcss-values-parser/-/postcss-values-parser-1.5.0.tgz",
      "integrity": "sha512-3M3p+2gMp0AH3da530TlX8kiO1nxdTnc3C6vr8dMxRLIlh8UYkz0/wcwptSXjhtx2Fr0TySI7a+BHDQ8NL7LaQ==",
      "requires": {
        "flatten": "^1.0.2",
        "indexes-of": "^1.0.1",
        "uniq": "^1.0.1"
      }
    },
    "precinct": {
      "version": "5.1.0",
      "resolved": "https://registry.npmjs.org/precinct/-/precinct-5.1.0.tgz",
      "integrity": "sha512-nQFQZNtvywHdU2nxf9sYgAbZz2TFo6UHQY0rbwLmQApBQHJ3kthajrvFmSMKqEi46oDCMcuQIiS8nOJiNAoDUw==",
      "requires": {
        "commander": "^2.17.0",
        "debug": "^3.1.0",
        "detective-amd": "^3.0.0",
        "detective-cjs": "^3.1.0",
        "detective-es6": "^2.0.0",
        "detective-less": "^1.0.1",
        "detective-postcss": "^3.0.0",
        "detective-sass": "^3.0.0",
        "detective-scss": "^2.0.0",
        "detective-stylus": "^1.0.0",
        "detective-typescript": "^4.0.0",
        "module-definition": "^3.1.0",
        "node-source-walk": "^4.0.0"
      },
      "dependencies": {
        "debug": {
          "version": "3.2.6",
          "resolved": "https://registry.npmjs.org/debug/-/debug-3.2.6.tgz",
          "integrity": "sha512-mel+jf7nrtEl5Pn1Qx46zARXKDpBbvzezse7p7LqINmdoIk8PYP5SySaxEmYv6TZ0JyEKA1hsCId6DIhgITtWQ==",
          "requires": {
            "ms": "^2.1.1"
          }
        }
      }
    },
    "prelude-ls": {
      "version": "1.1.2",
      "resolved": "https://registry.npmjs.org/prelude-ls/-/prelude-ls-1.1.2.tgz",
      "integrity": "sha1-IZMqVJ9eUv/ZqCf1cOBL5iqX2lQ="
    },
    "process-nextick-args": {
      "version": "2.0.0",
      "resolved": "https://registry.npmjs.org/process-nextick-args/-/process-nextick-args-2.0.0.tgz",
      "integrity": "sha512-MtEC1TqN0EU5nephaJ4rAtThHtC86dNN9qCuEhtshvpVBkAW5ZO7BASN9REnF9eoXGcRub+pFuKEpOHE+HbEMw=="
    },
    "prr": {
      "version": "1.0.1",
      "resolved": "https://registry.npmjs.org/prr/-/prr-1.0.1.tgz",
      "integrity": "sha1-0/wRS6BplaRexok/SEzrHXj19HY="
    },
    "readable-stream": {
      "version": "2.3.6",
      "resolved": "http://registry.npmjs.org/readable-stream/-/readable-stream-2.3.6.tgz",
      "integrity": "sha512-tQtKA9WIAhBF3+VLAseyMqZeBjW0AHJoxOtYqSUZNJxauErmLbVm2FW1y+J/YA9dUrAC39ITejlZWhVIwawkKw==",
      "requires": {
        "core-util-is": "~1.0.0",
        "inherits": "~2.0.3",
        "isarray": "~1.0.0",
        "process-nextick-args": "~2.0.0",
        "safe-buffer": "~5.1.1",
        "string_decoder": "~1.1.1",
        "util-deprecate": "~1.0.1"
      }
    },
    "requirejs": {
      "version": "2.3.6",
      "resolved": "https://registry.npmjs.org/requirejs/-/requirejs-2.3.6.tgz",
      "integrity": "sha512-ipEzlWQe6RK3jkzikgCupiTbTvm4S0/CAU5GlgptkN5SO6F3u0UD0K18wy6ErDqiCyP4J4YYe1HuAShvsxePLg=="
    },
    "requirejs-config-file": {
      "version": "3.0.0",
      "resolved": "https://registry.npmjs.org/requirejs-config-file/-/requirejs-config-file-3.0.0.tgz",
      "integrity": "sha512-pssKfw0KhafnpOHA1+qWlDXcCEgf0p+qfTI8xOhqOhhdtz7m7VqhEorauKZOqv1GGA8ML3eKFU3sxGq5p4ZaEw==",
      "requires": {
        "esprima": "^4.0.0",
        "fs-extra": "^5.0.0",
        "stringify-object": "^3.2.1"
      }
    },
    "resolve": {
      "version": "1.8.1",
      "resolved": "https://registry.npmjs.org/resolve/-/resolve-1.8.1.tgz",
      "integrity": "sha512-AicPrAC7Qu1JxPCZ9ZgCZlY35QgFnNqc+0LtbRNxnVw4TXvjQ72wnuL9JQcEBgXkI9JM8MsT9kaQoHcpCRJOYA==",
      "requires": {
        "path-parse": "^1.0.5"
      }
    },
    "resolve-dependency-path": {
      "version": "1.0.2",
      "resolved": "https://registry.npmjs.org/resolve-dependency-path/-/resolve-dependency-path-1.0.2.tgz",
      "integrity": "sha1-ar6Tpt4+T53Oe16CYeH0eqGvTcI="
    },
    "safe-buffer": {
      "version": "5.1.2",
      "resolved": "https://registry.npmjs.org/safe-buffer/-/safe-buffer-5.1.2.tgz",
      "integrity": "sha512-Gd2UZBJDkXlY7GbJxfsE8/nvKkUEU1G38c1siN6QP6a9PT9MmHB8GnpscSmMJSoF8LOIrt8ud/wPtojys4G6+g=="
    },
    "sass-lookup": {
      "version": "2.0.0",
      "resolved": "https://registry.npmjs.org/sass-lookup/-/sass-lookup-2.0.0.tgz",
      "integrity": "sha512-DZEg7g605XNZX3rxQMkndPmlSzaGR3ld33Rvx3XPTxP8hXBPErmCTrL2CPItzjCJqvjgt9kXhxQrzkbdJZToaA==",
      "requires": {
        "commander": "^2.16.0"
      }
    },
    "semver": {
      "version": "5.5.0",
      "resolved": "https://registry.npmjs.org/semver/-/semver-5.5.0.tgz",
      "integrity": "sha512-4SJ3dm0WAwWy/NVeioZh5AntkdJoWKxHxcmyP622fOkgHa4z3R0TdBJICINyaSDE6uNwVc8gZr+ZinwZAH4xIA=="
    },
    "source-map": {
      "version": "0.6.1",
      "resolved": "https://registry.npmjs.org/source-map/-/source-map-0.6.1.tgz",
      "integrity": "sha512-UjgapumWlbMhkBgzT7Ykc5YXUT46F0iKu8SGXq0bcwP5dz/h0Plj6enJqjz1Zbq2l5WaqYnrVbwWOWMyF3F47g=="
    },
    "string_decoder": {
      "version": "1.1.1",
      "resolved": "https://registry.npmjs.org/string_decoder/-/string_decoder-1.1.1.tgz",
      "integrity": "sha512-n/ShnvDi6FHbbVfviro+WojiFzv+s8MPMHBczVePfUpDJLwoLT0ht1l4YwBCbi8pJAveEEdnkHyPyTP/mzRfwg==",
      "requires": {
        "safe-buffer": "~5.1.0"
      }
    },
    "stringify-object": {
      "version": "3.2.2",
      "resolved": "https://registry.npmjs.org/stringify-object/-/stringify-object-3.2.2.tgz",
      "integrity": "sha512-O696NF21oLiDy8PhpWu8AEqoZHw++QW6mUv0UvKZe8gWSdSvMXkiLufK7OmnP27Dro4GU5kb9U7JIO0mBuCRQg==",
      "requires": {
        "get-own-enumerable-property-symbols": "^2.0.1",
        "is-obj": "^1.0.1",
        "is-regexp": "^1.0.0"
      }
    },
    "stylus-lookup": {
      "version": "2.0.0",
      "resolved": "https://registry.npmjs.org/stylus-lookup/-/stylus-lookup-2.0.0.tgz",
      "integrity": "sha512-ZPwVUITlzCIgq1NBNl1xVX1grfFnJUBq9zzG9YOj/V3GrOCnpWuxGh6zUL8JTaVs0nMS9Eyok1qgOW9mUFx9kg==",
      "requires": {
        "commander": "^2.8.1",
        "debug": "^3.1.0"
      },
      "dependencies": {
        "debug": {
          "version": "3.2.6",
          "resolved": "https://registry.npmjs.org/debug/-/debug-3.2.6.tgz",
          "integrity": "sha512-mel+jf7nrtEl5Pn1Qx46zARXKDpBbvzezse7p7LqINmdoIk8PYP5SySaxEmYv6TZ0JyEKA1hsCId6DIhgITtWQ==",
          "requires": {
            "ms": "^2.1.1"
          }
        }
      }
    },
    "supports-color": {
      "version": "5.5.0",
      "resolved": "https://registry.npmjs.org/supports-color/-/supports-color-5.5.0.tgz",
      "integrity": "sha512-QjVjwdXIt408MIiAqCX4oUKsgU2EqAGzs2Ppkm4aQYbjm+ZEWEcW4SfFNTr4uMNZma0ey4f5lgLrkB0aX0QMow==",
      "requires": {
        "has-flag": "^3.0.0"
      }
    },
    "tapable": {
      "version": "1.1.0",
      "resolved": "https://registry.npmjs.org/tapable/-/tapable-1.1.0.tgz",
      "integrity": "sha512-IlqtmLVaZA2qab8epUXbVWRn3aB1imbDMJtjB3nu4X0NqPkcY/JH9ZtCBWKHWPxs8Svi9tyo8w2dBoi07qZbBA=="
    },
    "traverse-chain": {
      "version": "0.1.0",
      "resolved": "https://registry.npmjs.org/traverse-chain/-/traverse-chain-0.1.0.tgz",
      "integrity": "sha1-YdvC1Ttp/2CRoSoWj9fUMxB+QPE="
    },
    "type-check": {
      "version": "0.3.2",
      "resolved": "https://registry.npmjs.org/type-check/-/type-check-0.3.2.tgz",
      "integrity": "sha1-WITKtRLPHTVeP7eE8wgEsrUg23I=",
      "requires": {
        "prelude-ls": "~1.1.2"
      }
    },
    "typescript": {
      "version": "3.1.2",
      "resolved": "https://registry.npmjs.org/typescript/-/typescript-3.1.2.tgz",
      "integrity": "sha512-gOoGJWbNnFAfP9FlrSV63LYD5DJqYJHG5ky1kOXSl3pCImn4rqWy/flyq1BRd4iChQsoCqjbQaqtmXO4yCVPCA=="
    },
    "typescript-eslint-parser": {
      "version": "18.0.0",
      "resolved": "https://registry.npmjs.org/typescript-eslint-parser/-/typescript-eslint-parser-18.0.0.tgz",
      "integrity": "sha512-Pn/A/Cw9ysiXSX5U1xjBmPQlxtWGV2o7jDNiH/u7KgBO2yC/y37wNFl2ogSrGZBQFuglLzGq0Xl0Bt31Jv44oA==",
      "requires": {
        "lodash.unescape": "4.0.1",
        "semver": "5.5.0"
      }
    },
    "uniq": {
      "version": "1.0.1",
      "resolved": "https://registry.npmjs.org/uniq/-/uniq-1.0.1.tgz",
      "integrity": "sha1-sxxa6CVIRKOoKBVBzisEuGWnNP8="
    },
    "universalify": {
      "version": "0.1.2",
      "resolved": "https://registry.npmjs.org/universalify/-/universalify-0.1.2.tgz",
      "integrity": "sha512-rBJeI5CXAlmy1pV+617WB9J63U6XcazHHF2f2dbJix4XzpUF0RS3Zbj0FGIOCAva5P/d/GBOYaACQ1w+0azUkg=="
    },
    "util-deprecate": {
      "version": "1.0.2",
      "resolved": "https://registry.npmjs.org/util-deprecate/-/util-deprecate-1.0.2.tgz",
      "integrity": "sha1-RQ1Nyfpw3nMnYvvS1KKJgUGaDM8="
    },
    "wordwrap": {
      "version": "1.0.0",
      "resolved": "https://registry.npmjs.org/wordwrap/-/wordwrap-1.0.0.tgz",
      "integrity": "sha1-J1hIEIkUVqQXHI0CJkQa3pDLyus="
    },
    "wrappy": {
      "version": "1.0.2",
      "resolved": "https://registry.npmjs.org/wrappy/-/wrappy-1.0.2.tgz",
      "integrity": "sha1-tSQ9jz7BqjXxNkYFvA0QNuMKtp8="
    }
  }
}
